
Microsoft Visual Studio Solution File, Format Version 12.00
# Visual Studio Version 16
VisualStudioVersion = 16.0.31729.503
MinimumVisualStudioVersion = 10.0.40219.1
Project("{FAE04EC0-301F-11D3-BF4B-00C04F79EFBC}") = "EasyRestProjectNetTeam2", "EasyRestProjectNetTeam2\EasyRestProjectNetTeam2.csproj", "{9B57A679-E757-4423-B1BC-0F506E0DF2DD}"
EndProject
Global
	GlobalSection(SolutionConfigurationPlatforms) = preSolution
		Debug|Any CPU = Debug|Any CPU
		Release|Any CPU = Release|Any CPU
	EndGlobalSection
	GlobalSection(ProjectConfigurationPlatforms) = postSolution
		{9B57A679-E757-4423-B1BC-0F506E0DF2DD}.Debug|Any CPU.ActiveCfg = Debug|Any CPU
		{9B57A679-E757-4423-B1BC-0F506E0DF2DD}.Debug|Any CPU.Build.0 = Debug|Any CPU
		{9B57A679-E757-4423-B1BC-0F506E0DF2DD}.Release|Any CPU.ActiveCfg = Release|Any CPU
		{9B57A679-E757-4423-B1BC-0F506E0DF2DD}.Release|Any CPU.Build.0 = Release|Any CPU
	EndGlobalSection
	GlobalSection(SolutionProperties) = preSolution
		HideSolutionNode = FALSE
	EndGlobalSection
	GlobalSection(ExtensibilityGlobals) = postSolution
		SolutionGuid = {230D40F0-87A6-4E19-B99E-9D3F5C66960B}
	EndGlobalSection
EndGlobal
