
Microsoft Visual Studio Solution File, Format Version 12.00
# Visual Studio Version 17
VisualStudioVersion = 17.2.32616.157
MinimumVisualStudioVersion = 10.0.40219.1
Project("{9A19103F-16F7-4668-BE54-9A1E7A4F7556}") = "EasyRestProjectNetTeam2", "EasyRestProjectNetTeam2\EasyRestProjectNetTeam2.csproj", "{9B57A679-E757-4423-B1BC-0F506E0DF2DD}"
EndProject
Project("{FAE04EC0-301F-11D3-BF4B-00C04F79EFBC}") = "SpecFlowImplementation", "SpecFlowImplementation\SpecFlowImplementation.csproj", "{45D51D78-4B99-4AB8-8841-B7169721D615}"
EndProject
Global
	GlobalSection(SolutionConfigurationPlatforms) = preSolution
		Debug|Any CPU = Debug|Any CPU
		Release|Any CPU = Release|Any CPU
	EndGlobalSection
	GlobalSection(ProjectConfigurationPlatforms) = postSolution
		{9B57A679-E757-4423-B1BC-0F506E0DF2DD}.Debug|Any CPU.ActiveCfg = Debug|Any CPU
		{9B57A679-E757-4423-B1BC-0F506E0DF2DD}.Debug|Any CPU.Build.0 = Debug|Any CPU
		{9B57A679-E757-4423-B1BC-0F506E0DF2DD}.Release|Any CPU.ActiveCfg = Release|Any CPU
		{9B57A679-E757-4423-B1BC-0F506E0DF2DD}.Release|Any CPU.Build.0 = Release|Any CPU
		{45D51D78-4B99-4AB8-8841-B7169721D615}.Debug|Any CPU.ActiveCfg = Debug|Any CPU
		{45D51D78-4B99-4AB8-8841-B7169721D615}.Debug|Any CPU.Build.0 = Debug|Any CPU
		{45D51D78-4B99-4AB8-8841-B7169721D615}.Release|Any CPU.ActiveCfg = Release|Any CPU
		{45D51D78-4B99-4AB8-8841-B7169721D615}.Release|Any CPU.Build.0 = Release|Any CPU
	EndGlobalSection
	GlobalSection(SolutionProperties) = preSolution
		HideSolutionNode = FALSE
	EndGlobalSection
	GlobalSection(ExtensibilityGlobals) = postSolution
		SolutionGuid = {230D40F0-87A6-4E19-B99E-9D3F5C66960B}
	EndGlobalSection
EndGlobal
