
Microsoft Visual Studio Solution File, Format Version 12.00
# Visual Studio Version 16
VisualStudioVersion = 25.0.1700.1
MinimumVisualStudioVersion = 10.0.40219.1
Project("{FAE04EC0-301F-11D3-BF4B-00C04F79EFBC}") = "EasyRestProjectNetTeam2", "EasyRestProjectNetTeam2.csproj", "{675AA23D-AEC7-4A57-8A3B-54D65C87F61B}"
EndProject
Global
	GlobalSection(SolutionConfigurationPlatforms) = preSolution
		Debug|Any CPU = Debug|Any CPU
		Release|Any CPU = Release|Any CPU
	EndGlobalSection
	GlobalSection(ProjectConfigurationPlatforms) = postSolution
		{675AA23D-AEC7-4A57-8A3B-54D65C87F61B}.Debug|Any CPU.ActiveCfg = Debug|Any CPU
		{675AA23D-AEC7-4A57-8A3B-54D65C87F61B}.Debug|Any CPU.Build.0 = Debug|Any CPU
		{675AA23D-AEC7-4A57-8A3B-54D65C87F61B}.Release|Any CPU.ActiveCfg = Release|Any CPU
		{675AA23D-AEC7-4A57-8A3B-54D65C87F61B}.Release|Any CPU.Build.0 = Release|Any CPU
	EndGlobalSection
	GlobalSection(SolutionProperties) = preSolution
		HideSolutionNode = FALSE
	EndGlobalSection
	GlobalSection(ExtensibilityGlobals) = postSolution
		SolutionGuid = {26ED1A76-E3CC-4D02-9812-F7ED6C626C17}
	EndGlobalSection
EndGlobal
